
Microsoft Visual Studio Solution File, Format Version 12.00
# Visual Studio Version 17
VisualStudioVersion = 17.11.35327.3
MinimumVisualStudioVersion = 10.0.40219.1
Project("{9A19103F-16F7-4668-BE54-9A1E7A4F7556}") = "CSharpSpotiLyrics", "CSharpSpotiLyrics\CSharpSpotiLyrics.csproj", "{202E920D-6279-4748-89E2-5BBCD08E8687}"
EndProject
Project("{9A19103F-16F7-4668-BE54-9A1E7A4F7556}") = "CSharpSpotiLyricsCLI", "CSharpSpotiLyricsCLI\CSharpSpotiLyricsCLI.csproj", "{05E2A485-BA79-45BE-9E59-8B69B9C1B4A9}"
EndProject
Project("{FAE04EC0-301F-11D3-BF4B-00C04F79EFBC}") = "CSharpSpotiLyricsSTANDART", "CSharpSpotiLyricsSTANDART\CSharpSpotiLyricsSTANDART.csproj", "{C3A0CEA7-F34A-484D-8273-8889E8AC131A}"
EndProject
Global
	GlobalSection(SolutionConfigurationPlatforms) = preSolution
		Debug|Any CPU = Debug|Any CPU
		Release|Any CPU = Release|Any CPU
	EndGlobalSection
	GlobalSection(ProjectConfigurationPlatforms) = postSolution
		{202E920D-6279-4748-89E2-5BBCD08E8687}.Debug|Any CPU.ActiveCfg = Debug|Any CPU
		{202E920D-6279-4748-89E2-5BBCD08E8687}.Debug|Any CPU.Build.0 = Debug|Any CPU
		{202E920D-6279-4748-89E2-5BBCD08E8687}.Release|Any CPU.ActiveCfg = Release|Any CPU
		{202E920D-6279-4748-89E2-5BBCD08E8687}.Release|Any CPU.Build.0 = Release|Any CPU
		{05E2A485-BA79-45BE-9E59-8B69B9C1B4A9}.Debug|Any CPU.ActiveCfg = Debug|Any CPU
		{05E2A485-BA79-45BE-9E59-8B69B9C1B4A9}.Debug|Any CPU.Build.0 = Debug|Any CPU
		{05E2A485-BA79-45BE-9E59-8B69B9C1B4A9}.Release|Any CPU.ActiveCfg = Release|Any CPU
		{05E2A485-BA79-45BE-9E59-8B69B9C1B4A9}.Release|Any CPU.Build.0 = Release|Any CPU
		{C3A0CEA7-F34A-484D-8273-8889E8AC131A}.Debug|Any CPU.ActiveCfg = Debug|Any CPU
		{C3A0CEA7-F34A-484D-8273-8889E8AC131A}.Debug|Any CPU.Build.0 = Debug|Any CPU
		{C3A0CEA7-F34A-484D-8273-8889E8AC131A}.Release|Any CPU.ActiveCfg = Release|Any CPU
		{C3A0CEA7-F34A-484D-8273-8889E8AC131A}.Release|Any CPU.Build.0 = Release|Any CPU
	EndGlobalSection
	GlobalSection(SolutionProperties) = preSolution
		HideSolutionNode = FALSE
	EndGlobalSection
	GlobalSection(ExtensibilityGlobals) = postSolution
		SolutionGuid = {B854DD84-C022-442B-84AE-DE47F870D8EE}
	EndGlobalSection
EndGlobal
